
Microsoft Visual Studio Solution File, Format Version 12.00
# Visual Studio Version 17
VisualStudioVersion = 17.13.35825.156
MinimumVisualStudioVersion = 10.0.40219.1
Project("{FAE04EC0-301F-11D3-BF4B-00C04F79EFBC}") = "BlazorApp3", "BlazorApp3.csproj", "{1A10EDC0-B037-4716-ADE8-A55B186E60C0}"
EndProject
Global
	GlobalSection(SolutionConfigurationPlatforms) = preSolution
		Debug|Any CPU = Debug|Any CPU
		Release|Any CPU = Release|Any CPU
	EndGlobalSection
	GlobalSection(ProjectConfigurationPlatforms) = postSolution
		{1A10EDC0-B037-4716-ADE8-A55B186E60C0}.Debug|Any CPU.ActiveCfg = Debug|Any CPU
		{1A10EDC0-B037-4716-ADE8-A55B186E60C0}.Debug|Any CPU.Build.0 = Debug|Any CPU
		{1A10EDC0-B037-4716-ADE8-A55B186E60C0}.Release|Any CPU.ActiveCfg = Release|Any CPU
		{1A10EDC0-B037-4716-ADE8-A55B186E60C0}.Release|Any CPU.Build.0 = Release|Any CPU
	EndGlobalSection
	GlobalSection(SolutionProperties) = preSolution
		HideSolutionNode = FALSE
	EndGlobalSection
	GlobalSection(ExtensibilityGlobals) = postSolution
		SolutionGuid = {1C8CCC46-4846-4039-933B-EEE59349A566}
	EndGlobalSection
EndGlobal
